
Microsoft Visual Studio Solution File, Format Version 12.00
# Visual Studio 15
VisualStudioVersion = 15.0.27703.2042
MinimumVisualStudioVersion = 10.0.40219.1
Project("{FAE04EC0-301F-11D3-BF4B-00C04F79EFBC}") = "Program1", "Program1\Program1.csproj", "{1444984A-F2C1-467B-B644-3D72D38C61F9}"
EndProject
Project("{FAE04EC0-301F-11D3-BF4B-00C04F79EFBC}") = "Program2", "Program2\Program2.csproj", "{79C3802B-9C2E-4215-B034-A4A767B66668}"
EndProject
Global
	GlobalSection(SolutionConfigurationPlatforms) = preSolution
		Debug|Any CPU = Debug|Any CPU
		Release|Any CPU = Release|Any CPU
	EndGlobalSection
	GlobalSection(ProjectConfigurationPlatforms) = postSolution
		{1444984A-F2C1-467B-B644-3D72D38C61F9}.Debug|Any CPU.ActiveCfg = Debug|Any CPU
		{1444984A-F2C1-467B-B644-3D72D38C61F9}.Debug|Any CPU.Build.0 = Debug|Any CPU
		{1444984A-F2C1-467B-B644-3D72D38C61F9}.Release|Any CPU.ActiveCfg = Release|Any CPU
		{1444984A-F2C1-467B-B644-3D72D38C61F9}.Release|Any CPU.Build.0 = Release|Any CPU
		{79C3802B-9C2E-4215-B034-A4A767B66668}.Debug|Any CPU.ActiveCfg = Debug|Any CPU
		{79C3802B-9C2E-4215-B034-A4A767B66668}.Debug|Any CPU.Build.0 = Debug|Any CPU
		{79C3802B-9C2E-4215-B034-A4A767B66668}.Release|Any CPU.ActiveCfg = Release|Any CPU
		{79C3802B-9C2E-4215-B034-A4A767B66668}.Release|Any CPU.Build.0 = Release|Any CPU
	EndGlobalSection
	GlobalSection(SolutionProperties) = preSolution
		HideSolutionNode = FALSE
	EndGlobalSection
	GlobalSection(ExtensibilityGlobals) = postSolution
		SolutionGuid = {60925D96-550F-4D25-80CB-2F07DC58C049}
	EndGlobalSection
EndGlobal
